// !$*UTF8*$!
{
	archiveVersion = 1;
	classes = {
	};
	objectVersion = 46;
	objects = {

/* Begin PBXBuildFile section */
		1849F9B11D87A12B00239B13 /* main.m in Sources */ = {isa = PBXBuildFile; fileRef = 1849F9B01D87A12B00239B13 /* main.m */; };
		1849F9B41D87A12B00239B13 /* AppDelegate.m in Sources */ = {isa = PBXBuildFile; fileRef = 1849F9B31D87A12B00239B13 /* AppDelegate.m */; };
		1849F9B71D87A12B00239B13 /* ViewController.m in Sources */ = {isa = PBXBuildFile; fileRef = 1849F9B61D87A12B00239B13 /* ViewController.m */; };
		1849F9BA1D87A12B00239B13 /* Main.storyboard in Resources */ = {isa = PBXBuildFile; fileRef = 1849F9B81D87A12B00239B13 /* Main.storyboard */; };
		1849F9BC1D87A12B00239B13 /* Assets.xcassets in Resources */ = {isa = PBXBuildFile; fileRef = 1849F9BB1D87A12B00239B13 /* Assets.xcassets */; };
		1849F9BF1D87A12B00239B13 /* LaunchScreen.storyboard in Resources */ = {isa = PBXBuildFile; fileRef = 1849F9BD1D87A12B00239B13 /* LaunchScreen.storyboard */; };
		1849F9D31D88FACB00239B13 /* CLNetRequest.m in Sources */ = {isa = PBXBuildFile; fileRef = 1849F9D21D88FACB00239B13 /* CLNetRequest.m */; };
		F38596A10DB57BE272B10323 /* libPods.a in Frameworks */ = {isa = PBXBuildFile; fileRef = 8E56C4DDB5286EE7FEAC7F55 /* libPods.a */; };
/* End PBXBuildFile section */

/* Begin PBXFileReference section */
		1849F9AC1D87A12B00239B13 /* CLPodTest.app */ = {isa = PBXFileReference; explicitFileType = wrapper.application; includeInIndex = 0; path = CLPodTest.app; sourceTree = BUILT_PRODUCTS_DIR; };
		1849F9B01D87A12B00239B13 /* main.m */ = {isa = PBXFileReference; lastKnownFileType = sourcecode.c.objc; path = main.m; sourceTree = "<group>"; };
		1849F9B21D87A12B00239B13 /* AppDelegate.h */ = {isa = PBXFileReference; lastKnownFileType = sourcecode.c.h; path = AppDelegate.h; sourceTree = "<group>"; };
		1849F9B31D87A12B00239B13 /* AppDelegate.m */ = {isa = PBXFileReference; lastKnownFileType = sourcecode.c.objc; path = AppDelegate.m; sourceTree = "<group>"; };
		1849F9B51D87A12B00239B13 /* ViewController.h */ = {isa = PBXFileReference; lastKnownFileType = sourcecode.c.h; path = ViewController.h; sourceTree = "<group>"; };
		1849F9B61D87A12B00239B13 /* ViewController.m */ = {isa = PBXFileReference; lastKnownFileType = sourcecode.c.objc; path = ViewController.m; sourceTree = "<group>"; };
		1849F9B91D87A12B00239B13 /* Base */ = {isa = PBXFileReference; lastKnownFileType = file.storyboard; name = Base; path = Base.lproj/Main.storyboard; sourceTree = "<group>"; };
		1849F9BB1D87A12B00239B13 /* Assets.xcassets */ = {isa = PBXFileReference; lastKnownFileType = folder.assetcatalog; path = Assets.xcassets; sourceTree = "<group>"; };
		1849F9BE1D87A12B00239B13 /* Base */ = {isa = PBXFileReference; lastKnownFileType = file.storyboard; name = Base; path = Base.lproj/LaunchScreen.storyboard; sourceTree = "<group>"; };
		1849F9C01D87A12B00239B13 /* Info.plist */ = {isa = PBXFileReference; lastKnownFileType = text.plist.xml; path = Info.plist; sourceTree = "<group>"; };
		1849F9D11D88FACB00239B13 /* CLNetRequest.h */ = {isa = PBXFileReference; fileEncoding = 4; lastKnownFileType = sourcecode.c.h; name = CLNetRequest.h; path = CLNetRequest/CLNetRequest.h; sourceTree = SOURCE_ROOT; };
		1849F9D21D88FACB00239B13 /* CLNetRequest.m */ = {isa = PBXFileReference; fileEncoding = 4; lastKnownFileType = sourcecode.c.objc; name = CLNetRequest.m; path = CLNetRequest/CLNetRequest.m; sourceTree = SOURCE_ROOT; };
		246463FA95873E2BF3DD5DBA /* Pods.debug.xcconfig */ = {isa = PBXFileReference; includeInIndex = 1; lastKnownFileType = text.xcconfig; name = Pods.debug.xcconfig; path = "Pods/Target Support Files/Pods/Pods.debug.xcconfig"; sourceTree = "<group>"; };
		8E56C4DDB5286EE7FEAC7F55 /* libPods.a */ = {isa = PBXFileReference; explicitFileType = archive.ar; includeInIndex = 0; path = libPods.a; sourceTree = BUILT_PRODUCTS_DIR; };
		A2FCC0C25C185A4515A5469A /* Pods.release.xcconfig */ = {isa = PBXFileReference; includeInIndex = 1; lastKnownFileType = text.xcconfig; name = Pods.release.xcconfig; path = "Pods/Target Support Files/Pods/Pods.release.xcconfig"; sourceTree = "<group>"; };
/* End PBXFileReference section */

/* Begin PBXFrameworksBuildPhase section */
		1849F9A91D87A12B00239B13 /* Frameworks */ = {
			isa = PBXFrameworksBuildPhase;
			buildActionMask = 2147483647;
			files = (
				F38596A10DB57BE272B10323 /* libPods.a in Frameworks */,
			);
			runOnlyForDeploymentPostprocessing = 0;
		};
/* End PBXFrameworksBuildPhase section */

/* Begin PBXGroup section */
		1849F9A31D87A12B00239B13 = {
			isa = PBXGroup;
			children = (
				1849F9AE1D87A12B00239B13 /* CLPodTest */,
				1849F9AD1D87A12B00239B13 /* Products */,
				57637DDCF43810810CF6D0E2 /* Pods */,
				907CED11538BA0908C30D38C /* Frameworks */,
			);
			sourceTree = "<group>";
		};
		1849F9AD1D87A12B00239B13 /* Products */ = {
			isa = PBXGroup;
			children = (
				1849F9AC1D87A12B00239B13 /* CLPodTest.app */,
			);
			name = Products;
			sourceTree = "<group>";
		};
		1849F9AE1D87A12B00239B13 /* CLPodTest */ = {
			isa = PBXGroup;
			children = (
				1849F9CD1D87A4AD00239B13 /* CLNetRequest */,
				1849F9CA1D87A1A700239B13 /* AppDelegate */,
				1849F9CC1D87A1E700239B13 /* ViewController */,
				1849F9CB1D87A1B900239B13 /* Resources */,
				1849F9AF1D87A12B00239B13 /* Supporting Files */,
			);
			path = CLPodTest;
			sourceTree = "<group>";
		};
		1849F9AF1D87A12B00239B13 /* Supporting Files */ = {
			isa = PBXGroup;
			children = (
				1849F9BD1D87A12B00239B13 /* LaunchScreen.storyboard */,
				1849F9BB1D87A12B00239B13 /* Assets.xcassets */,
				1849F9C01D87A12B00239B13 /* Info.plist */,
				1849F9B01D87A12B00239B13 /* main.m */,
			);
			name = "Supporting Files";
			sourceTree = "<group>";
		};
		1849F9CA1D87A1A700239B13 /* AppDelegate */ = {
			isa = PBXGroup;
			children = (
				1849F9B21D87A12B00239B13 /* AppDelegate.h */,
				1849F9B31D87A12B00239B13 /* AppDelegate.m */,
			);
			name = AppDelegate;
			sourceTree = "<group>";
		};
		1849F9CB1D87A1B900239B13 /* Resources */ = {
			isa = PBXGroup;
			children = (
				1849F9B81D87A12B00239B13 /* Main.storyboard */,
			);
			name = Resources;
			sourceTree = "<group>";
		};
		1849F9CC1D87A1E700239B13 /* ViewController */ = {
			isa = PBXGroup;
			children = (
				1849F9B51D87A12B00239B13 /* ViewController.h */,
				1849F9B61D87A12B00239B13 /* ViewController.m */,
			);
			name = ViewController;
			sourceTree = "<group>";
		};
		1849F9CD1D87A4AD00239B13 /* CLNetRequest */ = {
			isa = PBXGroup;
			children = (
				1849F9D11D88FACB00239B13 /* CLNetRequest.h */,
				1849F9D21D88FACB00239B13 /* CLNetRequest.m */,
			);
			path = CLNetRequest;
			sourceTree = "<group>";
		};
		57637DDCF43810810CF6D0E2 /* Pods */ = {
			isa = PBXGroup;
			children = (
				246463FA95873E2BF3DD5DBA /* Pods.debug.xcconfig */,
				A2FCC0C25C185A4515A5469A /* Pods.release.xcconfig */,
			);
			name = Pods;
			sourceTree = "<group>";
		};
		907CED11538BA0908C30D38C /* Frameworks */ = {
			isa = PBXGroup;
			children = (
				8E56C4DDB5286EE7FEAC7F55 /* libPods.a */,
			);
			name = Frameworks;
			sourceTree = "<group>";
		};
/* End PBXGroup section */

/* Begin PBXNativeTarget section */
		1849F9AB1D87A12B00239B13 /* CLPodTest */ = {
			isa = PBXNativeTarget;
			buildConfigurationList = 1849F9C31D87A12B00239B13 /* Build configuration list for PBXNativeTarget "CLPodTest" */;
			buildPhases = (
				91D3CC80292F5DC9894C1CD8 /* Check Pods Manifest.lock */,
				1849F9A81D87A12B00239B13 /* Sources */,
				1849F9A91D87A12B00239B13 /* Frameworks */,
				1849F9AA1D87A12B00239B13 /* Resources */,
				6A6098554EE3CA2E305CAB1A /* Embed Pods Frameworks */,
				2BEB229BDF559E899C13B6DA /* Copy Pods Resources */,
			);
			buildRules = (
			);
			dependencies = (
			);
			name = CLPodTest;
			productName = CLPodTest;
			productReference = 1849F9AC1D87A12B00239B13 /* CLPodTest.app */;
			productType = "com.apple.product-type.application";
		};
/* End PBXNativeTarget section */

/* Begin PBXProject section */
		1849F9A41D87A12B00239B13 /* Project object */ = {
			isa = PBXProject;
			attributes = {
				LastUpgradeCheck = 0720;
				ORGANIZATIONNAME = "刘朝龙";
				TargetAttributes = {
					1849F9AB1D87A12B00239B13 = {
						CreatedOnToolsVersion = 7.2;
					};
				};
			};
			buildConfigurationList = 1849F9A71D87A12B00239B13 /* Build configuration list for PBXProject "CLPodTest" */;
			compatibilityVersion = "Xcode 3.2";
			developmentRegion = English;
			hasScannedForEncodings = 0;
			knownRegions = (
				en,
				Base,
			);
			mainGroup = 1849F9A31D87A12B00239B13;
			productRefGroup = 1849F9AD1D87A12B00239B13 /* Products */;
			projectDirPath = "";
			projectRoot = "";
			targets = (
				1849F9AB1D87A12B00239B13 /* CLPodTest */,
			);
		};
/* End PBXProject section */

/* Begin PBXResourcesBuildPhase section */
		1849F9AA1D87A12B00239B13 /* Resources */ = {
			isa = PBXResourcesBuildPhase;
			buildActionMask = 2147483647;
			files = (
				1849F9BF1D87A12B00239B13 /* LaunchScreen.storyboard in Resources */,
				1849F9BC1D87A12B00239B13 /* Assets.xcassets in Resources */,
				1849F9BA1D87A12B00239B13 /* Main.storyboard in Resources */,
			);
			runOnlyForDeploymentPostprocessing = 0;
		};
/* End PBXResourcesBuildPhase section */

/* Begin PBXShellScriptBuildPhase section */
		2BEB229BDF559E899C13B6DA /* Copy Pods Resources */ = {
			isa = PBXShellScriptBuildPhase;
			buildActionMask = 2147483647;
			files = (
			);
			inputPaths = (
			);
			name = "Copy Pods Resources";
			outputPaths = (
			);
			runOnlyForDeploymentPostprocessing = 0;
			shellPath = /bin/sh;
			shellScript = "\"${SRCROOT}/Pods/Target Support Files/Pods/Pods-resources.sh\"\n";
			showEnvVarsInLog = 0;
		};
		6A6098554EE3CA2E305CAB1A /* Embed Pods Frameworks */ = {
			isa = PBXShellScriptBuildPhase;
			buildActionMask = 2147483647;
			files = (
			);
			inputPaths = (
			);
			name = "Embed Pods Frameworks";
			outputPaths = (
			);
			runOnlyForDeploymentPostprocessing = 0;
			shellPath = /bin/sh;
			shellScript = "\"${SRCROOT}/Pods/Target Support Files/Pods/Pods-frameworks.sh\"\n";
			showEnvVarsInLog = 0;
		};
		91D3CC80292F5DC9894C1CD8 /* Check Pods Manifest.lock */ = {
			isa = PBXShellScriptBuildPhase;
			buildActionMask = 2147483647;
			files = (
			);
			inputPaths = (
			);
			name = "Check Pods Manifest.lock";
			outputPaths = (
			);
			runOnlyForDeploymentPostprocessing = 0;
			shellPath = /bin/sh;
			shellScript = "diff \"${PODS_ROOT}/../Podfile.lock\" \"${PODS_ROOT}/Manifest.lock\" > /dev/null\nif [[ $? != 0 ]] ; then\n    cat << EOM\nerror: The sandbox is not in sync with the Podfile.lock. Run 'pod install' or update your CocoaPods installation.\nEOM\n    exit 1\nfi\n";
			showEnvVarsInLog = 0;
		};
/* End PBXShellScriptBuildPhase section */

/* Begin PBXSourcesBuildPhase section */
		1849F9A81D87A12B00239B13 /* Sources */ = {
			isa = PBXSourcesBuildPhase;
			buildActionMask = 2147483647;
			files = (
				1849F9D31D88FACB00239B13 /* CLNetRequest.m in Sources */,
				1849F9B71D87A12B00239B13 /* ViewController.m in Sources */,
				1849F9B41D87A12B00239B13 /* AppDelegate.m in Sources */,
				1849F9B11D87A12B00239B13 /* main.m in Sources */,
			);
			runOnlyForDeploymentPostprocessing = 0;
		};
/* End PBXSourcesBuildPhase section */

/* Begin PBXVariantGroup section */
		1849F9B81D87A12B00239B13 /* Main.storyboard */ = {
			isa = PBXVariantGroup;
			children = (
				1849F9B91D87A12B00239B13 /* Base */,
			);
			name = Main.storyboard;
			sourceTree = "<group>";
		};
		1849F9BD1D87A12B00239B13 /* LaunchScreen.storyboard */ = {
			isa = PBXVariantGroup;
			children = (
				1849F9BE1D87A12B00239B13 /* Base */,
			);
			name = LaunchScreen.storyboard;
			sourceTree = "<group>";
		};
/* End PBXVariantGroup section */

/* Begin XCBuildConfiguration section */
		1849F9C11D87A12B00239B13 /* Debug */ = {
			isa = XCBuildConfiguration;
			buildSettings = {
				ALWAYS_SEARCH_USER_PATHS = NO;
				CLANG_CXX_LANGUAGE_STANDARD = "gnu++0x";
				CLANG_CXX_LIBRARY = "libc++";
				CLANG_ENABLE_MODULES = YES;
				CLANG_ENABLE_OBJC_ARC = YES;
				CLANG_WARN_BOOL_CONVERSION = YES;
				CLANG_WARN_CONSTANT_CONVERSION = YES;
				CLANG_WARN_DIRECT_OBJC_ISA_USAGE = YES_ERROR;
				CLANG_WARN_EMPTY_BODY = YES;
				CLANG_WARN_ENUM_CONVERSION = YES;
				CLANG_WARN_INT_CONVERSION = YES;
				CLANG_WARN_OBJC_ROOT_CLASS = YES_ERROR;
				CLANG_WARN_UNREACHABLE_CODE = YES;
				CLANG_WARN__DUPLICATE_METHOD_MATCH = YES;
				"CODE_SIGN_IDENTITY[sdk=iphoneos*]" = "iPhone Developer";
				COPY_PHASE_STRIP = NO;
				DEBUG_INFORMATION_FORMAT = dwarf;
				ENABLE_STRICT_OBJC_MSGSEND = YES;
				ENABLE_TESTABILITY = YES;
				GCC_C_LANGUAGE_STANDARD = gnu99;
				GCC_DYNAMIC_NO_PIC = NO;
				GCC_NO_COMMON_BLOCKS = YES;
				GCC_OPTIMIZATION_LEVEL = 0;
				GCC_PREPROCESSOR_DEFINITIONS = (
					"DEBUG=1",
					"$(inherited)",
				);
				GCC_WARN_64_TO_32_BIT_CONVERSION = YES;
				GCC_WARN_ABOUT_RETURN_TYPE = YES_ERROR;
				GCC_WARN_UNDECLARED_SELECTOR = YES;
				GCC_WARN_UNINITIALIZED_AUTOS = YES_AGGRESSIVE;
				GCC_WARN_UNUSED_FUNCTION = YES;
				GCC_WARN_UNUSED_VARIABLE = YES;
				IPHONEOS_DEPLOYMENT_TARGET = 9.2;
				MTL_ENABLE_DEBUG_INFO = YES;
				ONLY_ACTIVE_ARCH = YES;
				SDKROOT = iphoneos;
			};
			name = Debug;
		};
		1849F9C21D87A12B00239B13 /* Release */ = {
			isa = XCBuildConfiguration;
			buildSettings = {
				ALWAYS_SEARCH_USER_PATHS = NO;
				CLANG_CXX_LANGUAGE_STANDARD = "gnu++0x";
				CLANG_CXX_LIBRARY = "libc++";
				CLANG_ENABLE_MODULES = YES;
				CLANG_ENABLE_OBJC_ARC = YES;
				CLANG_WARN_BOOL_CONVERSION = YES;
				CLANG_WARN_CONSTANT_CONVERSION = YES;
				CLANG_WARN_DIRECT_OBJC_ISA_USAGE = YES_ERROR;
				CLANG_WARN_EMPTY_BODY = YES;
				CLANG_WARN_ENUM_CONVERSION = YES;
				CLANG_WARN_INT_CONVERSION = YES;
				CLANG_WARN_OBJC_ROOT_CLASS = YES_ERROR;
				CLANG_WARN_UNREACHABLE_CODE = YES;
				CLANG_WARN__DUPLICATE_METHOD_MATCH = YES;
				"CODE_SIGN_IDENTITY[sdk=iphoneos*]" = "iPhone Developer";
				COPY_PHASE_STRIP = NO;
				DEBUG_INFORMATION_FORMAT = "dwarf-with-dsym";
				ENABLE_NS_ASSERTIONS = NO;
				ENABLE_STRICT_OBJC_MSGSEND = YES;
				GCC_C_LANGUAGE_STANDARD = gnu99;
				GCC_NO_COMMON_BLOCKS = YES;
				GCC_WARN_64_TO_32_BIT_CONVERSION = YES;
				GCC_WARN_ABOUT_RETURN_TYPE = YES_ERROR;
				GCC_WARN_UNDECLARED_SELECTOR = YES;
				GCC_WARN_UNINITIALIZED_AUTOS = YES_AGGRESSIVE;
				GCC_WARN_UNUSED_FUNCTION = YES;
				GCC_WARN_UNUSED_VARIABLE = YES;
				IPHONEOS_DEPLOYMENT_TARGET = 9.2;
				MTL_ENABLE_DEBUG_INFO = NO;
				SDKROOT = iphoneos;
				VALIDATE_PRODUCT = YES;
			};
			name = Release;
		};
		1849F9C41D87A12B00239B13 /* Debug */ = {
			isa = XCBuildConfiguration;
			baseConfigurationReference = 246463FA95873E2BF3DD5DBA /* Pods.debug.xcconfig */;
			buildSettings = {
				ASSETCATALOG_COMPILER_APPICON_NAME = AppIcon;
				INFOPLIST_FILE = CLPodTest/Info.plist;
				LD_RUNPATH_SEARCH_PATHS = "$(inherited) @executable_path/Frameworks";
				PRODUCT_BUNDLE_IDENTIFIER = com.charly.CLPodTest;
				PRODUCT_NAME = "$(TARGET_NAME)";
			};
			name = Debug;
		};
		1849F9C51D87A12B00239B13 /* Release */ = {
			isa = XCBuildConfiguration;
			baseConfigurationReference = A2FCC0C25C185A4515A5469A /* Pods.release.xcconfig */;
			buildSettings = {
				ASSETCATALOG_COMPILER_APPICON_NAME = AppIcon;
				INFOPLIST_FILE = CLPodTest/Info.plist;
				LD_RUNPATH_SEARCH_PATHS = "$(inherited) @executable_path/Frameworks";
				PRODUCT_BUNDLE_IDENTIFIER = com.charly.CLPodTest;
				PRODUCT_NAME = "$(TARGET_NAME)";
			};
			name = Release;
		};
/* End XCBuildConfiguration section */

/* Begin XCConfigurationList section */
		1849F9A71D87A12B00239B13 /* Build configuration list for PBXProject "CLPodTest" */ = {
			isa = XCConfigurationList;
			buildConfigurations = (
				1849F9C11D87A12B00239B13 /* Debug */,
				1849F9C21D87A12B00239B13 /* Release */,
			);
			defaultConfigurationIsVisible = 0;
			defaultConfigurationName = Release;
		};
		1849F9C31D87A12B00239B13 /* Build configuration list for PBXNativeTarget "CLPodTest" */ = {
			isa = XCConfigurationList;
			buildConfigurations = (
				1849F9C41D87A12B00239B13 /* Debug */,
				1849F9C51D87A12B00239B13 /* Release */,
			);
			defaultConfigurationIsVisible = 0;
			defaultConfigurationName = Release;
		};
/* End XCConfigurationList section */
	};
	rootObject = 1849F9A41D87A12B00239B13 /* Project object */;
}
